// !$*UTF8*$!
{
	archiveVersion = 1;
	classes = {
	};
	objectVersion = 46;
	objects = {

/* Begin PBXBuildFile section */
		F05E78341E5DB6510085AAD3 /* AppDelegate.swift in Sources */ = {isa = PBXBuildFile; fileRef = F05E78331E5DB6510085AAD3 /* AppDelegate.swift */; };
		F05E78361E5DB6510085AAD3 /* ViewController.swift in Sources */ = {isa = PBXBuildFile; fileRef = F05E78351E5DB6510085AAD3 /* ViewController.swift */; };
		F05E78391E5DB6510085AAD3 /* Main.storyboard in Resources */ = {isa = PBXBuildFile; fileRef = F05E78371E5DB6510085AAD3 /* Main.storyboard */; };
		F05E783B1E5DB6510085AAD3 /* Assets.xcassets in Resources */ = {isa = PBXBuildFile; fileRef = F05E783A1E5DB6510085AAD3 /* Assets.xcassets */; };
		F05E783E1E5DB6510085AAD3 /* LaunchScreen.storyboard in Resources */ = {isa = PBXBuildFile; fileRef = F05E783C1E5DB6510085AAD3 /* LaunchScreen.storyboard */; };
		F05E78761E5DBAFB0085AAD3 /* RTMP.framework in Frameworks */ = {isa = PBXBuildFile; fileRef = F05E786D1E5DBAFB0085AAD3 /* RTMP.framework */; };
		F05E787D1E5DBAFB0085AAD3 /* RTMPTests.swift in Sources */ = {isa = PBXBuildFile; fileRef = F05E787C1E5DBAFB0085AAD3 /* RTMPTests.swift */; };
		F05E787F1E5DBAFB0085AAD3 /* RTMP.h in Headers */ = {isa = PBXBuildFile; fileRef = F05E786F1E5DBAFB0085AAD3 /* RTMP.h */; settings = {ATTRIBUTES = (Public, ); }; };
		F05E78821E5DBAFB0085AAD3 /* RTMP.framework in Frameworks */ = {isa = PBXBuildFile; fileRef = F05E786D1E5DBAFB0085AAD3 /* RTMP.framework */; };
		F05E78831E5DBAFB0085AAD3 /* RTMP.framework in Embed Frameworks */ = {isa = PBXBuildFile; fileRef = F05E786D1E5DBAFB0085AAD3 /* RTMP.framework */; settings = {ATTRIBUTES = (CodeSignOnCopy, RemoveHeadersOnCopy, ); }; };
		F05E789C1E60616D0085AAD3 /* RTMPSocket.swift in Sources */ = {isa = PBXBuildFile; fileRef = F05E78911E60616D0085AAD3 /* RTMPSocket.swift */; };
		F05E789D1E60616D0085AAD3 /* RTMPChunk.swift in Sources */ = {isa = PBXBuildFile; fileRef = F05E78921E60616D0085AAD3 /* RTMPChunk.swift */; };
		F05E789E1E60616D0085AAD3 /* RTMPMessage.swift in Sources */ = {isa = PBXBuildFile; fileRef = F05E78931E60616D0085AAD3 /* RTMPMessage.swift */; };
		F05E789F1E60616D0085AAD3 /* NumberByteOperator.swift in Sources */ = {isa = PBXBuildFile; fileRef = F05E78941E60616D0085AAD3 /* NumberByteOperator.swift */; };
		F05E78A01E60616D0085AAD3 /* ByteArrayInputStream.swift in Sources */ = {isa = PBXBuildFile; fileRef = F05E78951E60616D0085AAD3 /* ByteArrayInputStream.swift */; };
		F05E78A11E60616D0085AAD3 /* RTMPHandshake.swift in Sources */ = {isa = PBXBuildFile; fileRef = F05E78961E60616D0085AAD3 /* RTMPHandshake.swift */; };
		F05E78A21E60616D0085AAD3 /* RTMPPublishClient.swift in Sources */ = {isa = PBXBuildFile; fileRef = F05E78971E60616D0085AAD3 /* RTMPPublishClient.swift */; };
		F05E78A31E60616D0085AAD3 /* RTMPStream.swift in Sources */ = {isa = PBXBuildFile; fileRef = F05E78981E60616D0085AAD3 /* RTMPStream.swift */; };
		F05E78A41E60616D0085AAD3 /* RTMPConnector.swift in Sources */ = {isa = PBXBuildFile; fileRef = F05E78991E60616D0085AAD3 /* RTMPConnector.swift */; };
		F05E78A51E60616D0085AAD3 /* RTMPReceiver.swift in Sources */ = {isa = PBXBuildFile; fileRef = F05E789A1E60616D0085AAD3 /* RTMPReceiver.swift */; };
		F05E78A61E60616D0085AAD3 /* Amf0.swift in Sources */ = {isa = PBXBuildFile; fileRef = F05E789B1E60616D0085AAD3 /* Amf0.swift */; };
		F05E78B01E6061840085AAD3 /* AudioCapture.swift in Sources */ = {isa = PBXBuildFile; fileRef = F05E78A71E6061840085AAD3 /* AudioCapture.swift */; };
		F05E78B11E6061840085AAD3 /* VideoCapture.swift in Sources */ = {isa = PBXBuildFile; fileRef = F05E78A81E6061840085AAD3 /* VideoCapture.swift */; };
		F05E78B21E6061840085AAD3 /* VideoPreviewView.swift in Sources */ = {isa = PBXBuildFile; fileRef = F05E78A91E6061840085AAD3 /* VideoPreviewView.swift */; };
		F05E78B31E6061840085AAD3 /* AACEncoder.swift in Sources */ = {isa = PBXBuildFile; fileRef = F05E78AA1E6061840085AAD3 /* AACEncoder.swift */; };
		F05E78B41E6061840085AAD3 /* AVCEncoder.swift in Sources */ = {isa = PBXBuildFile; fileRef = F05E78AB1E6061840085AAD3 /* AVCEncoder.swift */; };
		F05E78B51E6061840085AAD3 /* AudioSpecificConfiguration.swift in Sources */ = {isa = PBXBuildFile; fileRef = F05E78AC1E6061840085AAD3 /* AudioSpecificConfiguration.swift */; };
		F05E78B61E6061840085AAD3 /* FLV.swift in Sources */ = {isa = PBXBuildFile; fileRef = F05E78AD1E6061840085AAD3 /* FLV.swift */; };
		F05E78B71E6061840085AAD3 /* RTMPMuxer.swift in Sources */ = {isa = PBXBuildFile; fileRef = F05E78AE1E6061840085AAD3 /* RTMPMuxer.swift */; };
		F05E78B81E6061840085AAD3 /* LivePublishClient.swift in Sources */ = {isa = PBXBuildFile; fileRef = F05E78AF1E6061840085AAD3 /* LivePublishClient.swift */; };
/* End PBXBuildFile section */

/* Begin PBXContainerItemProxy section */
		F05E78771E5DBAFB0085AAD3 /* PBXContainerItemProxy */ = {
			isa = PBXContainerItemProxy;
			containerPortal = F05E78281E5DB6500085AAD3 /* Project object */;
			proxyType = 1;
			remoteGlobalIDString = F05E786C1E5DBAFB0085AAD3;
			remoteInfo = RTMP;
		};
		F05E78791E5DBAFB0085AAD3 /* PBXContainerItemProxy */ = {
			isa = PBXContainerItemProxy;
			containerPortal = F05E78281E5DB6500085AAD3 /* Project object */;
			proxyType = 1;
			remoteGlobalIDString = F05E782F1E5DB6500085AAD3;
			remoteInfo = Live;
		};
		F05E78801E5DBAFB0085AAD3 /* PBXContainerItemProxy */ = {
			isa = PBXContainerItemProxy;
			containerPortal = F05E78281E5DB6500085AAD3 /* Project object */;
			proxyType = 1;
			remoteGlobalIDString = F05E786C1E5DBAFB0085AAD3;
			remoteInfo = RTMP;
		};
/* End PBXContainerItemProxy section */

/* Begin PBXCopyFilesBuildPhase section */
		F05E78891E5DBAFB0085AAD3 /* Embed Frameworks */ = {
			isa = PBXCopyFilesBuildPhase;
			buildActionMask = 2147483647;
			dstPath = "";
			dstSubfolderSpec = 10;
			files = (
				F05E78831E5DBAFB0085AAD3 /* RTMP.framework in Embed Frameworks */,
			);
			name = "Embed Frameworks";
			runOnlyForDeploymentPostprocessing = 0;
		};
/* End PBXCopyFilesBuildPhase section */

/* Begin PBXFileReference section */
		F05E78301E5DB6510085AAD3 /* Live.app */ = {isa = PBXFileReference; explicitFileType = wrapper.application; includeInIndex = 0; path = Live.app; sourceTree = BUILT_PRODUCTS_DIR; };
		F05E78331E5DB6510085AAD3 /* AppDelegate.swift */ = {isa = PBXFileReference; lastKnownFileType = sourcecode.swift; path = AppDelegate.swift; sourceTree = "<group>"; };
		F05E78351E5DB6510085AAD3 /* ViewController.swift */ = {isa = PBXFileReference; lastKnownFileType = sourcecode.swift; path = ViewController.swift; sourceTree = "<group>"; };
		F05E78381E5DB6510085AAD3 /* Base */ = {isa = PBXFileReference; lastKnownFileType = file.storyboard; name = Base; path = Base.lproj/Main.storyboard; sourceTree = "<group>"; };
		F05E783A1E5DB6510085AAD3 /* Assets.xcassets */ = {isa = PBXFileReference; lastKnownFileType = folder.assetcatalog; path = Assets.xcassets; sourceTree = "<group>"; };
		F05E783D1E5DB6510085AAD3 /* Base */ = {isa = PBXFileReference; lastKnownFileType = file.storyboard; name = Base; path = Base.lproj/LaunchScreen.storyboard; sourceTree = "<group>"; };
		F05E783F1E5DB6510085AAD3 /* Info.plist */ = {isa = PBXFileReference; lastKnownFileType = text.plist.xml; path = Info.plist; sourceTree = "<group>"; };
		F05E786D1E5DBAFB0085AAD3 /* RTMP.framework */ = {isa = PBXFileReference; explicitFileType = wrapper.framework; includeInIndex = 0; path = RTMP.framework; sourceTree = BUILT_PRODUCTS_DIR; };
		F05E786F1E5DBAFB0085AAD3 /* RTMP.h */ = {isa = PBXFileReference; lastKnownFileType = sourcecode.c.h; path = RTMP.h; sourceTree = "<group>"; };
		F05E78701E5DBAFB0085AAD3 /* Info.plist */ = {isa = PBXFileReference; lastKnownFileType = text.plist.xml; path = Info.plist; sourceTree = "<group>"; };
		F05E78751E5DBAFB0085AAD3 /* RTMPTests.xctest */ = {isa = PBXFileReference; explicitFileType = wrapper.cfbundle; includeInIndex = 0; path = RTMPTests.xctest; sourceTree = BUILT_PRODUCTS_DIR; };
		F05E787C1E5DBAFB0085AAD3 /* RTMPTests.swift */ = {isa = PBXFileReference; lastKnownFileType = sourcecode.swift; path = RTMPTests.swift; sourceTree = "<group>"; };
		F05E787E1E5DBAFB0085AAD3 /* Info.plist */ = {isa = PBXFileReference; lastKnownFileType = text.plist.xml; path = Info.plist; sourceTree = "<group>"; };
		F05E78911E60616D0085AAD3 /* RTMPSocket.swift */ = {isa = PBXFileReference; fileEncoding = 4; lastKnownFileType = sourcecode.swift; path = RTMPSocket.swift; sourceTree = "<group>"; };
		F05E78921E60616D0085AAD3 /* RTMPChunk.swift */ = {isa = PBXFileReference; fileEncoding = 4; lastKnownFileType = sourcecode.swift; path = RTMPChunk.swift; sourceTree = "<group>"; };
		F05E78931E60616D0085AAD3 /* RTMPMessage.swift */ = {isa = PBXFileReference; fileEncoding = 4; lastKnownFileType = sourcecode.swift; path = RTMPMessage.swift; sourceTree = "<group>"; };
		F05E78941E60616D0085AAD3 /* NumberByteOperator.swift */ = {isa = PBXFileReference; fileEncoding = 4; lastKnownFileType = sourcecode.swift; path = NumberByteOperator.swift; sourceTree = "<group>"; };
		F05E78951E60616D0085AAD3 /* ByteArrayInputStream.swift */ = {isa = PBXFileReference; fileEncoding = 4; lastKnownFileType = sourcecode.swift; path = ByteArrayInputStream.swift; sourceTree = "<group>"; };
		F05E78961E60616D0085AAD3 /* RTMPHandshake.swift */ = {isa = PBXFileReference; fileEncoding = 4; lastKnownFileType = sourcecode.swift; path = RTMPHandshake.swift; sourceTree = "<group>"; };
		F05E78971E60616D0085AAD3 /* RTMPPublishClient.swift */ = {isa = PBXFileReference; fileEncoding = 4; lastKnownFileType = sourcecode.swift; path = RTMPPublishClient.swift; sourceTree = "<group>"; };
		F05E78981E60616D0085AAD3 /* RTMPStream.swift */ = {isa = PBXFileReference; fileEncoding = 4; lastKnownFileType = sourcecode.swift; path = RTMPStream.swift; sourceTree = "<group>"; };
		F05E78991E60616D0085AAD3 /* RTMPConnector.swift */ = {isa = PBXFileReference; fileEncoding = 4; lastKnownFileType = sourcecode.swift; path = RTMPConnector.swift; sourceTree = "<group>"; };
		F05E789A1E60616D0085AAD3 /* RTMPReceiver.swift */ = {isa = PBXFileReference; fileEncoding = 4; lastKnownFileType = sourcecode.swift; path = RTMPReceiver.swift; sourceTree = "<group>"; };
		F05E789B1E60616D0085AAD3 /* Amf0.swift */ = {isa = PBXFileReference; fileEncoding = 4; lastKnownFileType = sourcecode.swift; path = Amf0.swift; sourceTree = "<group>"; };
		F05E78A71E6061840085AAD3 /* AudioCapture.swift */ = {isa = PBXFileReference; fileEncoding = 4; lastKnownFileType = sourcecode.swift; path = AudioCapture.swift; sourceTree = "<group>"; };
		F05E78A81E6061840085AAD3 /* VideoCapture.swift */ = {isa = PBXFileReference; fileEncoding = 4; lastKnownFileType = sourcecode.swift; path = VideoCapture.swift; sourceTree = "<group>"; };
		F05E78A91E6061840085AAD3 /* VideoPreviewView.swift */ = {isa = PBXFileReference; fileEncoding = 4; lastKnownFileType = sourcecode.swift; path = VideoPreviewView.swift; sourceTree = "<group>"; };
		F05E78AA1E6061840085AAD3 /* AACEncoder.swift */ = {isa = PBXFileReference; fileEncoding = 4; lastKnownFileType = sourcecode.swift; path = AACEncoder.swift; sourceTree = "<group>"; };
		F05E78AB1E6061840085AAD3 /* AVCEncoder.swift */ = {isa = PBXFileReference; fileEncoding = 4; lastKnownFileType = sourcecode.swift; path = AVCEncoder.swift; sourceTree = "<group>"; };
		F05E78AC1E6061840085AAD3 /* AudioSpecificConfiguration.swift */ = {isa = PBXFileReference; fileEncoding = 4; lastKnownFileType = sourcecode.swift; path = AudioSpecificConfiguration.swift; sourceTree = "<group>"; };
		F05E78AD1E6061840085AAD3 /* FLV.swift */ = {isa = PBXFileReference; fileEncoding = 4; lastKnownFileType = sourcecode.swift; name = FLV.swift; path = ../Live/FLV.swift; sourceTree = "<group>"; };
		F05E78AE1E6061840085AAD3 /* RTMPMuxer.swift */ = {isa = PBXFileReference; fileEncoding = 4; lastKnownFileType = sourcecode.swift; name = RTMPMuxer.swift; path = ../Live/RTMPMuxer.swift; sourceTree = "<group>"; };
		F05E78AF1E6061840085AAD3 /* LivePublishClient.swift */ = {isa = PBXFileReference; fileEncoding = 4; lastKnownFileType = sourcecode.swift; path = LivePublishClient.swift; sourceTree = "<group>"; };
/* End PBXFileReference section */

/* Begin PBXFrameworksBuildPhase section */
		F05E782D1E5DB6500085AAD3 /* Frameworks */ = {
			isa = PBXFrameworksBuildPhase;
			buildActionMask = 2147483647;
			files = (
				F05E78821E5DBAFB0085AAD3 /* RTMP.framework in Frameworks */,
			);
			runOnlyForDeploymentPostprocessing = 0;
		};
		F05E78691E5DBAFB0085AAD3 /* Frameworks */ = {
			isa = PBXFrameworksBuildPhase;
			buildActionMask = 2147483647;
			files = (
			);
			runOnlyForDeploymentPostprocessing = 0;
		};
		F05E78721E5DBAFB0085AAD3 /* Frameworks */ = {
			isa = PBXFrameworksBuildPhase;
			buildActionMask = 2147483647;
			files = (
				F05E78761E5DBAFB0085AAD3 /* RTMP.framework in Frameworks */,
			);
			runOnlyForDeploymentPostprocessing = 0;
		};
/* End PBXFrameworksBuildPhase section */

/* Begin PBXGroup section */
		F05E78271E5DB6500085AAD3 = {
			isa = PBXGroup;
			children = (
				F05E78321E5DB6510085AAD3 /* Live */,
				F05E786E1E5DBAFB0085AAD3 /* RTMP */,
				F05E787B1E5DBAFB0085AAD3 /* RTMPTests */,
				F05E78311E5DB6510085AAD3 /* Products */,
			);
			sourceTree = "<group>";
		};
		F05E78311E5DB6510085AAD3 /* Products */ = {
			isa = PBXGroup;
			children = (
				F05E78301E5DB6510085AAD3 /* Live.app */,
				F05E786D1E5DBAFB0085AAD3 /* RTMP.framework */,
				F05E78751E5DBAFB0085AAD3 /* RTMPTests.xctest */,
			);
			name = Products;
			sourceTree = "<group>";
		};
		F05E78321E5DB6510085AAD3 /* Live */ = {
			isa = PBXGroup;
			children = (
				F05E78331E5DB6510085AAD3 /* AppDelegate.swift */,
				F05E78351E5DB6510085AAD3 /* ViewController.swift */,
				F05E78A71E6061840085AAD3 /* AudioCapture.swift */,
				F05E78A81E6061840085AAD3 /* VideoCapture.swift */,
				F05E78A91E6061840085AAD3 /* VideoPreviewView.swift */,
				F05E78AA1E6061840085AAD3 /* AACEncoder.swift */,
				F05E78AB1E6061840085AAD3 /* AVCEncoder.swift */,
				F05E78AC1E6061840085AAD3 /* AudioSpecificConfiguration.swift */,
				F05E78AF1E6061840085AAD3 /* LivePublishClient.swift */,
				F05E78371E5DB6510085AAD3 /* Main.storyboard */,
				F05E783A1E5DB6510085AAD3 /* Assets.xcassets */,
				F05E783C1E5DB6510085AAD3 /* LaunchScreen.storyboard */,
				F05E783F1E5DB6510085AAD3 /* Info.plist */,
			);
			path = Live;
			sourceTree = "<group>";
		};
		F05E786E1E5DBAFB0085AAD3 /* RTMP */ = {
			isa = PBXGroup;
			children = (
				F05E786F1E5DBAFB0085AAD3 /* RTMP.h */,
				F05E78AE1E6061840085AAD3 /* RTMPMuxer.swift */,
				F05E78971E60616D0085AAD3 /* RTMPPublishClient.swift */,
				F05E78911E60616D0085AAD3 /* RTMPSocket.swift */,
				F05E78921E60616D0085AAD3 /* RTMPChunk.swift */,
				F05E78931E60616D0085AAD3 /* RTMPMessage.swift */,
				F05E78941E60616D0085AAD3 /* NumberByteOperator.swift */,
				F05E78951E60616D0085AAD3 /* ByteArrayInputStream.swift */,
				F05E78961E60616D0085AAD3 /* RTMPHandshake.swift */,
				F05E78981E60616D0085AAD3 /* RTMPStream.swift */,
				F05E78991E60616D0085AAD3 /* RTMPConnector.swift */,
				F05E789A1E60616D0085AAD3 /* RTMPReceiver.swift */,
				F05E789B1E60616D0085AAD3 /* Amf0.swift */,
				F05E78AD1E6061840085AAD3 /* FLV.swift */,
				F05E78701E5DBAFB0085AAD3 /* Info.plist */,
			);
			path = RTMP;
			sourceTree = "<group>";
		};
		F05E787B1E5DBAFB0085AAD3 /* RTMPTests */ = {
			isa = PBXGroup;
			children = (
				F05E787C1E5DBAFB0085AAD3 /* RTMPTests.swift */,
				F05E787E1E5DBAFB0085AAD3 /* Info.plist */,
			);
			path = RTMPTests;
			sourceTree = "<group>";
		};
/* End PBXGroup section */

/* Begin PBXHeadersBuildPhase section */
		F05E786A1E5DBAFB0085AAD3 /* Headers */ = {
			isa = PBXHeadersBuildPhase;
			buildActionMask = 2147483647;
			files = (
				F05E787F1E5DBAFB0085AAD3 /* RTMP.h in Headers */,
			);
			runOnlyForDeploymentPostprocessing = 0;
		};
/* End PBXHeadersBuildPhase section */

/* Begin PBXNativeTarget section */
		F05E782F1E5DB6500085AAD3 /* Live */ = {
			isa = PBXNativeTarget;
			buildConfigurationList = F05E78421E5DB6510085AAD3 /* Build configuration list for PBXNativeTarget "Live" */;
			buildPhases = (
				F05E782C1E5DB6500085AAD3 /* Sources */,
				F05E782D1E5DB6500085AAD3 /* Frameworks */,
				F05E782E1E5DB6500085AAD3 /* Resources */,
				F05E78891E5DBAFB0085AAD3 /* Embed Frameworks */,
			);
			buildRules = (
			);
			dependencies = (
				F05E78811E5DBAFB0085AAD3 /* PBXTargetDependency */,
			);
			name = Live;
			productName = Live;
			productReference = F05E78301E5DB6510085AAD3 /* Live.app */;
			productType = "com.apple.product-type.application";
		};
		F05E786C1E5DBAFB0085AAD3 /* RTMP */ = {
			isa = PBXNativeTarget;
			buildConfigurationList = F05E78881E5DBAFB0085AAD3 /* Build configuration list for PBXNativeTarget "RTMP" */;
			buildPhases = (
				F05E78681E5DBAFB0085AAD3 /* Sources */,
				F05E78691E5DBAFB0085AAD3 /* Frameworks */,
				F05E786A1E5DBAFB0085AAD3 /* Headers */,
				F05E786B1E5DBAFB0085AAD3 /* Resources */,
			);
			buildRules = (
			);
			dependencies = (
			);
			name = RTMP;
			productName = RTMP;
			productReference = F05E786D1E5DBAFB0085AAD3 /* RTMP.framework */;
			productType = "com.apple.product-type.framework";
		};
		F05E78741E5DBAFB0085AAD3 /* RTMPTests */ = {
			isa = PBXNativeTarget;
			buildConfigurationList = F05E788A1E5DBAFB0085AAD3 /* Build configuration list for PBXNativeTarget "RTMPTests" */;
			buildPhases = (
				F05E78711E5DBAFB0085AAD3 /* Sources */,
				F05E78721E5DBAFB0085AAD3 /* Frameworks */,
				F05E78731E5DBAFB0085AAD3 /* Resources */,
			);
			buildRules = (
			);
			dependencies = (
				F05E78781E5DBAFB0085AAD3 /* PBXTargetDependency */,
				F05E787A1E5DBAFB0085AAD3 /* PBXTargetDependency */,
			);
			name = RTMPTests;
			productName = RTMPTests;
			productReference = F05E78751E5DBAFB0085AAD3 /* RTMPTests.xctest */;
			productType = "com.apple.product-type.bundle.unit-test";
		};
/* End PBXNativeTarget section */

/* Begin PBXProject section */
		F05E78281E5DB6500085AAD3 /* Project object */ = {
			isa = PBXProject;
			attributes = {
				LastSwiftUpdateCheck = 0820;
				LastUpgradeCheck = 0820;
				ORGANIZATIONNAME = VictorChee;
				TargetAttributes = {
					F05E782F1E5DB6500085AAD3 = {
						CreatedOnToolsVersion = 8.2.1;
						DevelopmentTeam = 8F4GU35MC5;
						ProvisioningStyle = Automatic;
					};
					F05E786C1E5DBAFB0085AAD3 = {
						CreatedOnToolsVersion = 8.2.1;
						LastSwiftMigration = 0820;
						ProvisioningStyle = Automatic;
					};
					F05E78741E5DBAFB0085AAD3 = {
						CreatedOnToolsVersion = 8.2.1;
						ProvisioningStyle = Automatic;
						TestTargetID = F05E782F1E5DB6500085AAD3;
					};
				};
			};
			buildConfigurationList = F05E782B1E5DB6500085AAD3 /* Build configuration list for PBXProject "Live" */;
			compatibilityVersion = "Xcode 3.2";
			developmentRegion = English;
			hasScannedForEncodings = 0;
			knownRegions = (
				en,
				Base,
			);
			mainGroup = F05E78271E5DB6500085AAD3;
			productRefGroup = F05E78311E5DB6510085AAD3 /* Products */;
			projectDirPath = "";
			projectRoot = "";
			targets = (
				F05E782F1E5DB6500085AAD3 /* Live */,
				F05E786C1E5DBAFB0085AAD3 /* RTMP */,
				F05E78741E5DBAFB0085AAD3 /* RTMPTests */,
			);
		};
/* End PBXProject section */

/* Begin PBXResourcesBuildPhase section */
		F05E782E1E5DB6500085AAD3 /* Resources */ = {
			isa = PBXResourcesBuildPhase;
			buildActionMask = 2147483647;
			files = (
				F05E783E1E5DB6510085AAD3 /* LaunchScreen.storyboard in Resources */,
				F05E783B1E5DB6510085AAD3 /* Assets.xcassets in Resources */,
				F05E78391E5DB6510085AAD3 /* Main.storyboard in Resources */,
			);
			runOnlyForDeploymentPostprocessing = 0;
		};
		F05E786B1E5DBAFB0085AAD3 /* Resources */ = {
			isa = PBXResourcesBuildPhase;
			buildActionMask = 2147483647;
			files = (
			);
			runOnlyForDeploymentPostprocessing = 0;
		};
		F05E78731E5DBAFB0085AAD3 /* Resources */ = {
			isa = PBXResourcesBuildPhase;
			buildActionMask = 2147483647;
			files = (
			);
			runOnlyForDeploymentPostprocessing = 0;
		};
/* End PBXResourcesBuildPhase section */

/* Begin PBXSourcesBuildPhase section */
		F05E782C1E5DB6500085AAD3 /* Sources */ = {
			isa = PBXSourcesBuildPhase;
			buildActionMask = 2147483647;
			files = (
				F05E78B41E6061840085AAD3 /* AVCEncoder.swift in Sources */,
				F05E78361E5DB6510085AAD3 /* ViewController.swift in Sources */,
				F05E78B01E6061840085AAD3 /* AudioCapture.swift in Sources */,
				F05E78341E5DB6510085AAD3 /* AppDelegate.swift in Sources */,
				F05E78B11E6061840085AAD3 /* VideoCapture.swift in Sources */,
				F05E78B31E6061840085AAD3 /* AACEncoder.swift in Sources */,
				F05E78B71E6061840085AAD3 /* RTMPMuxer.swift in Sources */,
				F05E78B51E6061840085AAD3 /* AudioSpecificConfiguration.swift in Sources */,
				F05E78B21E6061840085AAD3 /* VideoPreviewView.swift in Sources */,
				F05E78B61E6061840085AAD3 /* FLV.swift in Sources */,
				F05E78B81E6061840085AAD3 /* LivePublishClient.swift in Sources */,
			);
			runOnlyForDeploymentPostprocessing = 0;
		};
		F05E78681E5DBAFB0085AAD3 /* Sources */ = {
			isa = PBXSourcesBuildPhase;
			buildActionMask = 2147483647;
			files = (
				F05E78A41E60616D0085AAD3 /* RTMPConnector.swift in Sources */,
				F05E789F1E60616D0085AAD3 /* NumberByteOperator.swift in Sources */,
				F05E789D1E60616D0085AAD3 /* RTMPChunk.swift in Sources */,
				F05E78A31E60616D0085AAD3 /* RTMPStream.swift in Sources */,
				F05E78A11E60616D0085AAD3 /* RTMPHandshake.swift in Sources */,
				F05E789E1E60616D0085AAD3 /* RTMPMessage.swift in Sources */,
				F05E78A21E60616D0085AAD3 /* RTMPPublishClient.swift in Sources */,
				F05E78A01E60616D0085AAD3 /* ByteArrayInputStream.swift in Sources */,
				F05E78A61E60616D0085AAD3 /* Amf0.swift in Sources */,
				F05E789C1E60616D0085AAD3 /* RTMPSocket.swift in Sources */,
				F05E78A51E60616D0085AAD3 /* RTMPReceiver.swift in Sources */,
			);
			runOnlyForDeploymentPostprocessing = 0;
		};
		F05E78711E5DBAFB0085AAD3 /* Sources */ = {
			isa = PBXSourcesBuildPhase;
			buildActionMask = 2147483647;
			files = (
				F05E787D1E5DBAFB0085AAD3 /* RTMPTests.swift in Sources */,
			);
			runOnlyForDeploymentPostprocessing = 0;
		};
/* End PBXSourcesBuildPhase section */

/* Begin PBXTargetDependency section */
		F05E78781E5DBAFB0085AAD3 /* PBXTargetDependency */ = {
			isa = PBXTargetDependency;
			target = F05E786C1E5DBAFB0085AAD3 /* RTMP */;
			targetProxy = F05E78771E5DBAFB0085AAD3 /* PBXContainerItemProxy */;
		};
		F05E787A1E5DBAFB0085AAD3 /* PBXTargetDependency */ = {
			isa = PBXTargetDependency;
			target = F05E782F1E5DB6500085AAD3 /* Live */;
			targetProxy = F05E78791E5DBAFB0085AAD3 /* PBXContainerItemProxy */;
		};
		F05E78811E5DBAFB0085AAD3 /* PBXTargetDependency */ = {
			isa = PBXTargetDependency;
			target = F05E786C1E5DBAFB0085AAD3 /* RTMP */;
			targetProxy = F05E78801E5DBAFB0085AAD3 /* PBXContainerItemProxy */;
		};
/* End PBXTargetDependency section */

/* Begin PBXVariantGroup section */
		F05E78371E5DB6510085AAD3 /* Main.storyboard */ = {
			isa = PBXVariantGroup;
			children = (
				F05E78381E5DB6510085AAD3 /* Base */,
			);
			name = Main.storyboard;
			sourceTree = "<group>";
		};
		F05E783C1E5DB6510085AAD3 /* LaunchScreen.storyboard */ = {
			isa = PBXVariantGroup;
			children = (
				F05E783D1E5DB6510085AAD3 /* Base */,
			);
			name = LaunchScreen.storyboard;
			sourceTree = "<group>";
		};
/* End PBXVariantGroup section */

/* Begin XCBuildConfiguration section */
		F05E78401E5DB6510085AAD3 /* Debug */ = {
			isa = XCBuildConfiguration;
			buildSettings = {
				ALWAYS_SEARCH_USER_PATHS = NO;
				CLANG_ANALYZER_NONNULL = YES;
				CLANG_CXX_LANGUAGE_STANDARD = "gnu++0x";
				CLANG_CXX_LIBRARY = "libc++";
				CLANG_ENABLE_MODULES = YES;
				CLANG_ENABLE_OBJC_ARC = YES;
				CLANG_WARN_BOOL_CONVERSION = YES;
				CLANG_WARN_CONSTANT_CONVERSION = YES;
				CLANG_WARN_DIRECT_OBJC_ISA_USAGE = YES_ERROR;
				CLANG_WARN_DOCUMENTATION_COMMENTS = YES;
				CLANG_WARN_EMPTY_BODY = YES;
				CLANG_WARN_ENUM_CONVERSION = YES;
				CLANG_WARN_INFINITE_RECURSION = YES;
				CLANG_WARN_INT_CONVERSION = YES;
				CLANG_WARN_OBJC_ROOT_CLASS = YES_ERROR;
				CLANG_WARN_SUSPICIOUS_MOVE = YES;
				CLANG_WARN_UNREACHABLE_CODE = YES;
				CLANG_WARN__DUPLICATE_METHOD_MATCH = YES;
				"CODE_SIGN_IDENTITY[sdk=iphoneos*]" = "iPhone Developer";
				COPY_PHASE_STRIP = NO;
				DEBUG_INFORMATION_FORMAT = dwarf;
				ENABLE_STRICT_OBJC_MSGSEND = YES;
				ENABLE_TESTABILITY = YES;
				GCC_C_LANGUAGE_STANDARD = gnu99;
				GCC_DYNAMIC_NO_PIC = NO;
				GCC_NO_COMMON_BLOCKS = YES;
				GCC_OPTIMIZATION_LEVEL = 0;
				GCC_PREPROCESSOR_DEFINITIONS = (
					"DEBUG=1",
					"$(inherited)",
				);
				GCC_WARN_64_TO_32_BIT_CONVERSION = YES;
				GCC_WARN_ABOUT_RETURN_TYPE = YES_ERROR;
				GCC_WARN_UNDECLARED_SELECTOR = YES;
				GCC_WARN_UNINITIALIZED_AUTOS = YES_AGGRESSIVE;
				GCC_WARN_UNUSED_FUNCTION = YES;
				GCC_WARN_UNUSED_VARIABLE = YES;
				IPHONEOS_DEPLOYMENT_TARGET = 10.2;
				MTL_ENABLE_DEBUG_INFO = YES;
				ONLY_ACTIVE_ARCH = YES;
				SDKROOT = iphoneos;
				SWIFT_ACTIVE_COMPILATION_CONDITIONS = DEBUG;
				SWIFT_OPTIMIZATION_LEVEL = "-Onone";
				TARGETED_DEVICE_FAMILY = "1,2";
			};
			name = Debug;
		};
		F05E78411E5DB6510085AAD3 /* Release */ = {
			isa = XCBuildConfiguration;
			buildSettings = {
				ALWAYS_SEARCH_USER_PATHS = NO;
				CLANG_ANALYZER_NONNULL = YES;
				CLANG_CXX_LANGUAGE_STANDARD = "gnu++0x";
				CLANG_CXX_LIBRARY = "libc++";
				CLANG_ENABLE_MODULES = YES;
				CLANG_ENABLE_OBJC_ARC = YES;
				CLANG_WARN_BOOL_CONVERSION = YES;
				CLANG_WARN_CONSTANT_CONVERSION = YES;
				CLANG_WARN_DIRECT_OBJC_ISA_USAGE = YES_ERROR;
				CLANG_WARN_DOCUMENTATION_COMMENTS = YES;
				CLANG_WARN_EMPTY_BODY = YES;
				CLANG_WARN_ENUM_CONVERSION = YES;
				CLANG_WARN_INFINITE_RECURSION = YES;
				CLANG_WARN_INT_CONVERSION = YES;
				CLANG_WARN_OBJC_ROOT_CLASS = YES_ERROR;
				CLANG_WARN_SUSPICIOUS_MOVE = YES;
				CLANG_WARN_UNREACHABLE_CODE = YES;
				CLANG_WARN__DUPLICATE_METHOD_MATCH = YES;
				"CODE_SIGN_IDENTITY[sdk=iphoneos*]" = "iPhone Developer";
				COPY_PHASE_STRIP = NO;
				DEBUG_INFORMATION_FORMAT = "dwarf-with-dsym";
				ENABLE_NS_ASSERTIONS = NO;
				ENABLE_STRICT_OBJC_MSGSEND = YES;
				GCC_C_LANGUAGE_STANDARD = gnu99;
				GCC_NO_COMMON_BLOCKS = YES;
				GCC_WARN_64_TO_32_BIT_CONVERSION = YES;
				GCC_WARN_ABOUT_RETURN_TYPE = YES_ERROR;
				GCC_WARN_UNDECLARED_SELECTOR = YES;
				GCC_WARN_UNINITIALIZED_AUTOS = YES_AGGRESSIVE;
				GCC_WARN_UNUSED_FUNCTION = YES;
				GCC_WARN_UNUSED_VARIABLE = YES;
				IPHONEOS_DEPLOYMENT_TARGET = 10.2;
				MTL_ENABLE_DEBUG_INFO = NO;
				SDKROOT = iphoneos;
				SWIFT_OPTIMIZATION_LEVEL = "-Owholemodule";
				TARGETED_DEVICE_FAMILY = "1,2";
				VALIDATE_PRODUCT = YES;
			};
			name = Release;
		};
		F05E78431E5DB6510085AAD3 /* Debug */ = {
			isa = XCBuildConfiguration;
			buildSettings = {
				ALWAYS_EMBED_SWIFT_STANDARD_LIBRARIES = YES;
				ASSETCATALOG_COMPILER_APPICON_NAME = AppIcon;
				DEVELOPMENT_TEAM = 8F4GU35MC5;
				INFOPLIST_FILE = Live/Info.plist;
				LD_RUNPATH_SEARCH_PATHS = "$(inherited) @executable_path/Frameworks";
				PRODUCT_BUNDLE_IDENTIFIER = com.victorchee.Live;
				PRODUCT_NAME = "$(TARGET_NAME)";
				SWIFT_VERSION = 3.0;
			};
			name = Debug;
		};
		F05E78441E5DB6510085AAD3 /* Release */ = {
			isa = XCBuildConfiguration;
			buildSettings = {
				ALWAYS_EMBED_SWIFT_STANDARD_LIBRARIES = YES;
				ASSETCATALOG_COMPILER_APPICON_NAME = AppIcon;
				DEVELOPMENT_TEAM = 8F4GU35MC5;
				INFOPLIST_FILE = Live/Info.plist;
				LD_RUNPATH_SEARCH_PATHS = "$(inherited) @executable_path/Frameworks";
				PRODUCT_BUNDLE_IDENTIFIER = com.victorchee.Live;
				PRODUCT_NAME = "$(TARGET_NAME)";
				SWIFT_VERSION = 3.0;
			};
			name = Release;
		};
		F05E78841E5DBAFB0085AAD3 /* Debug */ = {
			isa = XCBuildConfiguration;
			buildSettings = {
				CLANG_ENABLE_MODULES = YES;
				CODE_SIGN_IDENTITY = "";
				CURRENT_PROJECT_VERSION = 1;
				DEFINES_MODULE = YES;
				DYLIB_COMPATIBILITY_VERSION = 1;
				DYLIB_CURRENT_VERSION = 1;
				DYLIB_INSTALL_NAME_BASE = "@rpath";
				INFOPLIST_FILE = RTMP/Info.plist;
				INSTALL_PATH = "$(LOCAL_LIBRARY_DIR)/Frameworks";
				LD_RUNPATH_SEARCH_PATHS = "$(inherited) @executable_path/Frameworks @loader_path/Frameworks";
				PRODUCT_BUNDLE_IDENTIFIER = com.victorchee.RTMP;
				PRODUCT_NAME = "$(TARGET_NAME)";
				SKIP_INSTALL = YES;
				SWIFT_OPTIMIZATION_LEVEL = "-Onone";
				SWIFT_VERSION = 3.0;
				VERSIONING_SYSTEM = "apple-generic";
				VERSION_INFO_PREFIX = "";
			};
			name = Debug;
		};
		F05E78851E5DBAFB0085AAD3 /* Release */ = {
			isa = XCBuildConfiguration;
			buildSettings = {
				CLANG_ENABLE_MODULES = YES;
				CODE_SIGN_IDENTITY = "";
				CURRENT_PROJECT_VERSION = 1;
				DEFINES_MODULE = YES;
				DYLIB_COMPATIBILITY_VERSION = 1;
				DYLIB_CURRENT_VERSION = 1;
				DYLIB_INSTALL_NAME_BASE = "@rpath";
				INFOPLIST_FILE = RTMP/Info.plist;
				INSTALL_PATH = "$(LOCAL_LIBRARY_DIR)/Frameworks";
				LD_RUNPATH_SEARCH_PATHS = "$(inherited) @executable_path/Frameworks @loader_path/Frameworks";
				PRODUCT_BUNDLE_IDENTIFIER = com.victorchee.RTMP;
				PRODUCT_NAME = "$(TARGET_NAME)";
				SKIP_INSTALL = YES;
				SWIFT_VERSION = 3.0;
				VERSIONING_SYSTEM = "apple-generic";
				VERSION_INFO_PREFIX = "";
			};
			name = Release;
		};
		F05E78861E5DBAFB0085AAD3 /* Debug */ = {
			isa = XCBuildConfiguration;
			buildSettings = {
				ALWAYS_EMBED_SWIFT_STANDARD_LIBRARIES = YES;
				INFOPLIST_FILE = RTMPTests/Info.plist;
				LD_RUNPATH_SEARCH_PATHS = "$(inherited) @executable_path/Frameworks @loader_path/Frameworks";
				PRODUCT_BUNDLE_IDENTIFIER = com.victorchee.RTMPTests;
				PRODUCT_NAME = "$(TARGET_NAME)";
				SWIFT_VERSION = 3.0;
				TEST_HOST = "$(BUILT_PRODUCTS_DIR)/Live.app/Live";
			};
			name = Debug;
		};
		F05E78871E5DBAFB0085AAD3 /* Release */ = {
			isa = XCBuildConfiguration;
			buildSettings = {
				ALWAYS_EMBED_SWIFT_STANDARD_LIBRARIES = YES;
				INFOPLIST_FILE = RTMPTests/Info.plist;
				LD_RUNPATH_SEARCH_PATHS = "$(inherited) @executable_path/Frameworks @loader_path/Frameworks";
				PRODUCT_BUNDLE_IDENTIFIER = com.victorchee.RTMPTests;
				PRODUCT_NAME = "$(TARGET_NAME)";
				SWIFT_VERSION = 3.0;
				TEST_HOST = "$(BUILT_PRODUCTS_DIR)/Live.app/Live";
			};
			name = Release;
		};
/* End XCBuildConfiguration section */

/* Begin XCConfigurationList section */
		F05E782B1E5DB6500085AAD3 /* Build configuration list for PBXProject "Live" */ = {
			isa = XCConfigurationList;
			buildConfigurations = (
				F05E78401E5DB6510085AAD3 /* Debug */,
				F05E78411E5DB6510085AAD3 /* Release */,
			);
			defaultConfigurationIsVisible = 0;
			defaultConfigurationName = Release;
		};
		F05E78421E5DB6510085AAD3 /* Build configuration list for PBXNativeTarget "Live" */ = {
			isa = XCConfigurationList;
			buildConfigurations = (
				F05E78431E5DB6510085AAD3 /* Debug */,
				F05E78441E5DB6510085AAD3 /* Release */,
			);
			defaultConfigurationIsVisible = 0;
			defaultConfigurationName = Release;
		};
		F05E78881E5DBAFB0085AAD3 /* Build configuration list for PBXNativeTarget "RTMP" */ = {
			isa = XCConfigurationList;
			buildConfigurations = (
				F05E78841E5DBAFB0085AAD3 /* Debug */,
				F05E78851E5DBAFB0085AAD3 /* Release */,
			);
			defaultConfigurationIsVisible = 0;
			defaultConfigurationName = Release;
		};
		F05E788A1E5DBAFB0085AAD3 /* Build configuration list for PBXNativeTarget "RTMPTests" */ = {
			isa = XCConfigurationList;
			buildConfigurations = (
				F05E78861E5DBAFB0085AAD3 /* Debug */,
				F05E78871E5DBAFB0085AAD3 /* Release */,
			);
			defaultConfigurationIsVisible = 0;
			defaultConfigurationName = Release;
		};
/* End XCConfigurationList section */
	};
	rootObject = F05E78281E5DB6500085AAD3 /* Project object */;
}
